// !$*UTF8*$!
{
	archiveVersion = 1;
	classes = {
	};
	objectVersion = 56;
	objects = {

/* Begin PBXBuildFile section */
		BEAF387729EA7B4B00721C88 /* SignInView.swift in Sources */ = {isa = PBXBuildFile; fileRef = BEAF387629EA7B4B00721C88 /* SignInView.swift */; };
		BEF369A229E6F25700166F1D /* AppDelegate.swift in Sources */ = {isa = PBXBuildFile; fileRef = BEF369A129E6F25700166F1D /* AppDelegate.swift */; };
		BEF369A429E6F25700166F1D /* SceneDelegate.swift in Sources */ = {isa = PBXBuildFile; fileRef = BEF369A329E6F25700166F1D /* SceneDelegate.swift */; };
		BEF369A629E6F25700166F1D /* MainView.swift in Sources */ = {isa = PBXBuildFile; fileRef = BEF369A529E6F25700166F1D /* MainView.swift */; };
		BEF369A929E6F25700166F1D /* Main.storyboard in Resources */ = {isa = PBXBuildFile; fileRef = BEF369A729E6F25700166F1D /* Main.storyboard */; };
		BEF369AB29E6F25800166F1D /* Assets.xcassets in Resources */ = {isa = PBXBuildFile; fileRef = BEF369AA29E6F25800166F1D /* Assets.xcassets */; };
		BEF369AE29E6F25800166F1D /* LaunchScreen.storyboard in Resources */ = {isa = PBXBuildFile; fileRef = BEF369AC29E6F25800166F1D /* LaunchScreen.storyboard */; };
		BEF369B629E70A3400166F1D /* MainController.swift in Sources */ = {isa = PBXBuildFile; fileRef = BEF369B529E70A3400166F1D /* MainController.swift */; };
		BEF369B829E70A4F00166F1D /* MainModel.swift in Sources */ = {isa = PBXBuildFile; fileRef = BEF369B729E70A4F00166F1D /* MainModel.swift */; };
		BEF369BC29E8183600166F1D /* TableView.swift in Sources */ = {isa = PBXBuildFile; fileRef = BEF369BB29E8183600166F1D /* TableView.swift */; };
		BEF369BE29E81B8400166F1D /* TableController.swift in Sources */ = {isa = PBXBuildFile; fileRef = BEF369BD29E81B8400166F1D /* TableController.swift */; };
		BEF369C029E81BA100166F1D /* TableModel.swift in Sources */ = {isa = PBXBuildFile; fileRef = BEF369BF29E81BA100166F1D /* TableModel.swift */; };
		BEF369C229E81D7000166F1D /* DataManager.swift in Sources */ = {isa = PBXBuildFile; fileRef = BEF369C129E81D7000166F1D /* DataManager.swift */; };
/* End PBXBuildFile section */

/* Begin PBXFileReference section */
		BEAF387629EA7B4B00721C88 /* SignInView.swift */ = {isa = PBXFileReference; lastKnownFileType = sourcecode.swift; path = SignInView.swift; sourceTree = "<group>"; };
		BEF3699E29E6F25700166F1D /* mvc.app */ = {isa = PBXFileReference; explicitFileType = wrapper.application; includeInIndex = 0; path = mvc.app; sourceTree = BUILT_PRODUCTS_DIR; };
		BEF369A129E6F25700166F1D /* AppDelegate.swift */ = {isa = PBXFileReference; lastKnownFileType = sourcecode.swift; path = AppDelegate.swift; sourceTree = "<group>"; };
		BEF369A329E6F25700166F1D /* SceneDelegate.swift */ = {isa = PBXFileReference; lastKnownFileType = sourcecode.swift; path = SceneDelegate.swift; sourceTree = "<group>"; };
		BEF369A529E6F25700166F1D /* MainView.swift */ = {isa = PBXFileReference; lastKnownFileType = sourcecode.swift; path = MainView.swift; sourceTree = "<group>"; };
		BEF369A829E6F25700166F1D /* Base */ = {isa = PBXFileReference; lastKnownFileType = file.storyboard; name = Base; path = Base.lproj/Main.storyboard; sourceTree = "<group>"; };
		BEF369AA29E6F25800166F1D /* Assets.xcassets */ = {isa = PBXFileReference; lastKnownFileType = folder.assetcatalog; path = Assets.xcassets; sourceTree = "<group>"; };
		BEF369AD29E6F25800166F1D /* Base */ = {isa = PBXFileReference; lastKnownFileType = file.storyboard; name = Base; path = Base.lproj/LaunchScreen.storyboard; sourceTree = "<group>"; };
		BEF369AF29E6F25800166F1D /* Info.plist */ = {isa = PBXFileReference; lastKnownFileType = text.plist.xml; path = Info.plist; sourceTree = "<group>"; };
		BEF369B529E70A3400166F1D /* MainController.swift */ = {isa = PBXFileReference; lastKnownFileType = sourcecode.swift; path = MainController.swift; sourceTree = "<group>"; };
		BEF369B729E70A4F00166F1D /* MainModel.swift */ = {isa = PBXFileReference; lastKnownFileType = sourcecode.swift; path = MainModel.swift; sourceTree = "<group>"; };
		BEF369BB29E8183600166F1D /* TableView.swift */ = {isa = PBXFileReference; lastKnownFileType = sourcecode.swift; path = TableView.swift; sourceTree = "<group>"; };
		BEF369BD29E81B8400166F1D /* TableController.swift */ = {isa = PBXFileReference; lastKnownFileType = sourcecode.swift; path = TableController.swift; sourceTree = "<group>"; };
		BEF369BF29E81BA100166F1D /* TableModel.swift */ = {isa = PBXFileReference; lastKnownFileType = sourcecode.swift; path = TableModel.swift; sourceTree = "<group>"; };
		BEF369C129E81D7000166F1D /* DataManager.swift */ = {isa = PBXFileReference; lastKnownFileType = sourcecode.swift; path = DataManager.swift; sourceTree = "<group>"; };
/* End PBXFileReference section */

/* Begin PBXFrameworksBuildPhase section */
		BEF3699B29E6F25700166F1D /* Frameworks */ = {
			isa = PBXFrameworksBuildPhase;
			buildActionMask = 2147483647;
			files = (
			);
			runOnlyForDeploymentPostprocessing = 0;
		};
/* End PBXFrameworksBuildPhase section */

/* Begin PBXGroup section */
		BEF3699529E6F25700166F1D = {
			isa = PBXGroup;
			children = (
				BEF369A029E6F25700166F1D /* mvc */,
				BEF3699F29E6F25700166F1D /* Products */,
			);
			sourceTree = "<group>";
		};
		BEF3699F29E6F25700166F1D /* Products */ = {
			isa = PBXGroup;
			children = (
				BEF3699E29E6F25700166F1D /* mvc.app */,
			);
			name = Products;
			sourceTree = "<group>";
		};
		BEF369A029E6F25700166F1D /* mvc */ = {
			isa = PBXGroup;
			children = (
				BEF369C429E8237700166F1D /* Auth */,
				BEF369C329E8235A00166F1D /* App */,
				BEF369BA29E8181D00166F1D /* TableView */,
				BEF369B929E80C4900166F1D /* Main */,
				BEF369A729E6F25700166F1D /* Main.storyboard */,
				BEF369AA29E6F25800166F1D /* Assets.xcassets */,
				BEF369AC29E6F25800166F1D /* LaunchScreen.storyboard */,
				BEF369AF29E6F25800166F1D /* Info.plist */,
				BEF369C129E81D7000166F1D /* DataManager.swift */,
			);
			path = mvc;
			sourceTree = "<group>";
		};
		BEF369B929E80C4900166F1D /* Main */ = {
			isa = PBXGroup;
			children = (
				BEF369A529E6F25700166F1D /* MainView.swift */,
				BEF369B529E70A3400166F1D /* MainController.swift */,
				BEF369B729E70A4F00166F1D /* MainModel.swift */,
			);
			path = Main;
			sourceTree = "<group>";
		};
		BEF369BA29E8181D00166F1D /* TableView */ = {
			isa = PBXGroup;
			children = (
				BEF369BB29E8183600166F1D /* TableView.swift */,
				BEF369BD29E81B8400166F1D /* TableController.swift */,
				BEF369BF29E81BA100166F1D /* TableModel.swift */,
			);
			path = TableView;
			sourceTree = "<group>";
		};
		BEF369C329E8235A00166F1D /* App */ = {
			isa = PBXGroup;
			children = (
				BEF369A129E6F25700166F1D /* AppDelegate.swift */,
				BEF369A329E6F25700166F1D /* SceneDelegate.swift */,
			);
			path = App;
			sourceTree = "<group>";
		};
		BEF369C429E8237700166F1D /* Auth */ = {
			isa = PBXGroup;
			children = (
				BEAF387629EA7B4B00721C88 /* SignInView.swift */,
			);
			path = Auth;
			sourceTree = "<group>";
		};
/* End PBXGroup section */

/* Begin PBXNativeTarget section */
		BEF3699D29E6F25700166F1D /* mvc */ = {
			isa = PBXNativeTarget;
			buildConfigurationList = BEF369B229E6F25800166F1D /* Build configuration list for PBXNativeTarget "mvc" */;
			buildPhases = (
				BEF3699A29E6F25700166F1D /* Sources */,
				BEF3699B29E6F25700166F1D /* Frameworks */,
				BEF3699C29E6F25700166F1D /* Resources */,
			);
			buildRules = (
			);
			dependencies = (
			);
			name = mvc;
			productName = mvc;
			productReference = BEF3699E29E6F25700166F1D /* mvc.app */;
			productType = "com.apple.product-type.application";
		};
/* End PBXNativeTarget section */

/* Begin PBXProject section */
		BEF3699629E6F25700166F1D /* Project object */ = {
			isa = PBXProject;
			attributes = {
				BuildIndependentTargetsInParallel = 1;
				LastSwiftUpdateCheck = 1400;
				LastUpgradeCheck = 1400;
				TargetAttributes = {
					BEF3699D29E6F25700166F1D = {
						CreatedOnToolsVersion = 14.0.1;
					};
				};
			};
			buildConfigurationList = BEF3699929E6F25700166F1D /* Build configuration list for PBXProject "mvc" */;
			compatibilityVersion = "Xcode 14.0";
			developmentRegion = en;
			hasScannedForEncodings = 0;
			knownRegions = (
				en,
				Base,
			);
			mainGroup = BEF3699529E6F25700166F1D;
			productRefGroup = BEF3699F29E6F25700166F1D /* Products */;
			projectDirPath = "";
			projectRoot = "";
			targets = (
				BEF3699D29E6F25700166F1D /* mvc */,
			);
		};
/* End PBXProject section */

/* Begin PBXResourcesBuildPhase section */
		BEF3699C29E6F25700166F1D /* Resources */ = {
			isa = PBXResourcesBuildPhase;
			buildActionMask = 2147483647;
			files = (
				BEF369AE29E6F25800166F1D /* LaunchScreen.storyboard in Resources */,
				BEF369AB29E6F25800166F1D /* Assets.xcassets in Resources */,
				BEF369A929E6F25700166F1D /* Main.storyboard in Resources */,
			);
			runOnlyForDeploymentPostprocessing = 0;
		};
/* End PBXResourcesBuildPhase section */

/* Begin PBXSourcesBuildPhase section */
		BEF3699A29E6F25700166F1D /* Sources */ = {
			isa = PBXSourcesBuildPhase;
			buildActionMask = 2147483647;
			files = (
				BEF369BE29E81B8400166F1D /* TableController.swift in Sources */,
				BEF369B629E70A3400166F1D /* MainController.swift in Sources */,
				BEF369BC29E8183600166F1D /* TableView.swift in Sources */,
				BEF369A629E6F25700166F1D /* MainView.swift in Sources */,
				BEAF387729EA7B4B00721C88 /* SignInView.swift in Sources */,
				BEF369C029E81BA100166F1D /* TableModel.swift in Sources */,
				BEF369A229E6F25700166F1D /* AppDelegate.swift in Sources */,
				BEF369B829E70A4F00166F1D /* MainModel.swift in Sources */,
				BEF369C229E81D7000166F1D /* DataManager.swift in Sources */,
				BEF369A429E6F25700166F1D /* SceneDelegate.swift in Sources */,
			);
			runOnlyForDeploymentPostprocessing = 0;
		};
/* End PBXSourcesBuildPhase section */

/* Begin PBXVariantGroup section */
		BEF369A729E6F25700166F1D /* Main.storyboard */ = {
			isa = PBXVariantGroup;
			children = (
				BEF369A829E6F25700166F1D /* Base */,
			);
			name = Main.storyboard;
			sourceTree = "<group>";
		};
		BEF369AC29E6F25800166F1D /* LaunchScreen.storyboard */ = {
			isa = PBXVariantGroup;
			children = (
				BEF369AD29E6F25800166F1D /* Base */,
			);
			name = LaunchScreen.storyboard;
			sourceTree = "<group>";
		};
/* End PBXVariantGroup section */

/* Begin XCBuildConfiguration section */
		BEF369B029E6F25800166F1D /* Debug */ = {
			isa = XCBuildConfiguration;
			buildSettings = {
				ALWAYS_SEARCH_USER_PATHS = NO;
				CLANG_ANALYZER_NONNULL = YES;
				CLANG_ANALYZER_NUMBER_OBJECT_CONVERSION = YES_AGGRESSIVE;
				CLANG_CXX_LANGUAGE_STANDARD = "gnu++20";
				CLANG_ENABLE_MODULES = YES;
				CLANG_ENABLE_OBJC_ARC = YES;
				CLANG_ENABLE_OBJC_WEAK = YES;
				CLANG_WARN_BLOCK_CAPTURE_AUTORELEASING = YES;
				CLANG_WARN_BOOL_CONVERSION = YES;
				CLANG_WARN_COMMA = YES;
				CLANG_WARN_CONSTANT_CONVERSION = YES;
				CLANG_WARN_DEPRECATED_OBJC_IMPLEMENTATIONS = YES;
				CLANG_WARN_DIRECT_OBJC_ISA_USAGE = YES_ERROR;
				CLANG_WARN_DOCUMENTATION_COMMENTS = YES;
				CLANG_WARN_EMPTY_BODY = YES;
				CLANG_WARN_ENUM_CONVERSION = YES;
				CLANG_WARN_INFINITE_RECURSION = YES;
				CLANG_WARN_INT_CONVERSION = YES;
				CLANG_WARN_NON_LITERAL_NULL_CONVERSION = YES;
				CLANG_WARN_OBJC_IMPLICIT_RETAIN_SELF = YES;
				CLANG_WARN_OBJC_LITERAL_CONVERSION = YES;
				CLANG_WARN_OBJC_ROOT_CLASS = YES_ERROR;
				CLANG_WARN_QUOTED_INCLUDE_IN_FRAMEWORK_HEADER = YES;
				CLANG_WARN_RANGE_LOOP_ANALYSIS = YES;
				CLANG_WARN_STRICT_PROTOTYPES = YES;
				CLANG_WARN_SUSPICIOUS_MOVE = YES;
				CLANG_WARN_UNGUARDED_AVAILABILITY = YES_AGGRESSIVE;
				CLANG_WARN_UNREACHABLE_CODE = YES;
				CLANG_WARN__DUPLICATE_METHOD_MATCH = YES;
				COPY_PHASE_STRIP = NO;
				DEBUG_INFORMATION_FORMAT = dwarf;
				ENABLE_STRICT_OBJC_MSGSEND = YES;
				ENABLE_TESTABILITY = YES;
				GCC_C_LANGUAGE_STANDARD = gnu11;
				GCC_DYNAMIC_NO_PIC = NO;
				GCC_NO_COMMON_BLOCKS = YES;
				GCC_OPTIMIZATION_LEVEL = 0;
				GCC_PREPROCESSOR_DEFINITIONS = (
					"DEBUG=1",
					"$(inherited)",
				);
				GCC_WARN_64_TO_32_BIT_CONVERSION = YES;
				GCC_WARN_ABOUT_RETURN_TYPE = YES_ERROR;
				GCC_WARN_UNDECLARED_SELECTOR = YES;
				GCC_WARN_UNINITIALIZED_AUTOS = YES_AGGRESSIVE;
				GCC_WARN_UNUSED_FUNCTION = YES;
				GCC_WARN_UNUSED_VARIABLE = YES;
				IPHONEOS_DEPLOYMENT_TARGET = 16.0;
				MTL_ENABLE_DEBUG_INFO = INCLUDE_SOURCE;
				MTL_FAST_MATH = YES;
				ONLY_ACTIVE_ARCH = YES;
				SDKROOT = iphoneos;
				SWIFT_ACTIVE_COMPILATION_CONDITIONS = DEBUG;
				SWIFT_OPTIMIZATION_LEVEL = "-Onone";
			};
			name = Debug;
		};
		BEF369B129E6F25800166F1D /* Release */ = {
			isa = XCBuildConfiguration;
			buildSettings = {
				ALWAYS_SEARCH_USER_PATHS = NO;
				CLANG_ANALYZER_NONNULL = YES;
				CLANG_ANALYZER_NUMBER_OBJECT_CONVERSION = YES_AGGRESSIVE;
				CLANG_CXX_LANGUAGE_STANDARD = "gnu++20";
				CLANG_ENABLE_MODULES = YES;
				CLANG_ENABLE_OBJC_ARC = YES;
				CLANG_ENABLE_OBJC_WEAK = YES;
				CLANG_WARN_BLOCK_CAPTURE_AUTORELEASING = YES;
				CLANG_WARN_BOOL_CONVERSION = YES;
				CLANG_WARN_COMMA = YES;
				CLANG_WARN_CONSTANT_CONVERSION = YES;
				CLANG_WARN_DEPRECATED_OBJC_IMPLEMENTATIONS = YES;
				CLANG_WARN_DIRECT_OBJC_ISA_USAGE = YES_ERROR;
				CLANG_WARN_DOCUMENTATION_COMMENTS = YES;
				CLANG_WARN_EMPTY_BODY = YES;
				CLANG_WARN_ENUM_CONVERSION = YES;
				CLANG_WARN_INFINITE_RECURSION = YES;
				CLANG_WARN_INT_CONVERSION = YES;
				CLANG_WARN_NON_LITERAL_NULL_CONVERSION = YES;
				CLANG_WARN_OBJC_IMPLICIT_RETAIN_SELF = YES;
				CLANG_WARN_OBJC_LITERAL_CONVERSION = YES;
				CLANG_WARN_OBJC_ROOT_CLASS = YES_ERROR;
				CLANG_WARN_QUOTED_INCLUDE_IN_FRAMEWORK_HEADER = YES;
				CLANG_WARN_RANGE_LOOP_ANALYSIS = YES;
				CLANG_WARN_STRICT_PROTOTYPES = YES;
				CLANG_WARN_SUSPICIOUS_MOVE = YES;
				CLANG_WARN_UNGUARDED_AVAILABILITY = YES_AGGRESSIVE;
				CLANG_WARN_UNREACHABLE_CODE = YES;
				CLANG_WARN__DUPLICATE_METHOD_MATCH = YES;
				COPY_PHASE_STRIP = NO;
				DEBUG_INFORMATION_FORMAT = "dwarf-with-dsym";
				ENABLE_NS_ASSERTIONS = NO;
				ENABLE_STRICT_OBJC_MSGSEND = YES;
				GCC_C_LANGUAGE_STANDARD = gnu11;
				GCC_NO_COMMON_BLOCKS = YES;
				GCC_WARN_64_TO_32_BIT_CONVERSION = YES;
				GCC_WARN_ABOUT_RETURN_TYPE = YES_ERROR;
				GCC_WARN_UNDECLARED_SELECTOR = YES;
				GCC_WARN_UNINITIALIZED_AUTOS = YES_AGGRESSIVE;
				GCC_WARN_UNUSED_FUNCTION = YES;
				GCC_WARN_UNUSED_VARIABLE = YES;
				IPHONEOS_DEPLOYMENT_TARGET = 16.0;
				MTL_ENABLE_DEBUG_INFO = NO;
				MTL_FAST_MATH = YES;
				SDKROOT = iphoneos;
				SWIFT_COMPILATION_MODE = wholemodule;
				SWIFT_OPTIMIZATION_LEVEL = "-O";
				VALIDATE_PRODUCT = YES;
			};
			name = Release;
		};
		BEF369B329E6F25800166F1D /* Debug */ = {
			isa = XCBuildConfiguration;
			buildSettings = {
				ASSETCATALOG_COMPILER_APPICON_NAME = AppIcon;
				ASSETCATALOG_COMPILER_GLOBAL_ACCENT_COLOR_NAME = AccentColor;
				CODE_SIGN_STYLE = Automatic;
				CURRENT_PROJECT_VERSION = 1;
				DEVELOPMENT_TEAM = 5D8GMHCN78;
				GENERATE_INFOPLIST_FILE = YES;
				INFOPLIST_FILE = mvc/Info.plist;
				INFOPLIST_KEY_UIApplicationSupportsIndirectInputEvents = YES;
				INFOPLIST_KEY_UILaunchStoryboardName = LaunchScreen;
				INFOPLIST_KEY_UISupportedInterfaceOrientations_iPad = "UIInterfaceOrientationPortrait UIInterfaceOrientationPortraitUpsideDown UIInterfaceOrientationLandscapeLeft UIInterfaceOrientationLandscapeRight";
				INFOPLIST_KEY_UISupportedInterfaceOrientations_iPhone = "UIInterfaceOrientationPortrait UIInterfaceOrientationLandscapeLeft UIInterfaceOrientationLandscapeRight";
				LD_RUNPATH_SEARCH_PATHS = (
					"$(inherited)",
					"@executable_path/Frameworks",
				);
				MARKETING_VERSION = 1.0;
				PRODUCT_BUNDLE_IDENTIFIER = com.bael.mvc;
				PRODUCT_NAME = "$(TARGET_NAME)";
				SWIFT_EMIT_LOC_STRINGS = YES;
				SWIFT_VERSION = 5.0;
				TARGETED_DEVICE_FAMILY = "1,2";
			};
			name = Debug;
		};
		BEF369B429E6F25800166F1D /* Release */ = {
			isa = XCBuildConfiguration;
			buildSettings = {
				ASSETCATALOG_COMPILER_APPICON_NAME = AppIcon;
				ASSETCATALOG_COMPILER_GLOBAL_ACCENT_COLOR_NAME = AccentColor;
				CODE_SIGN_STYLE = Automatic;
				CURRENT_PROJECT_VERSION = 1;
				DEVELOPMENT_TEAM = 5D8GMHCN78;
				GENERATE_INFOPLIST_FILE = YES;
				INFOPLIST_FILE = mvc/Info.plist;
				INFOPLIST_KEY_UIApplicationSupportsIndirectInputEvents = YES;
				INFOPLIST_KEY_UILaunchStoryboardName = LaunchScreen;
				INFOPLIST_KEY_UISupportedInterfaceOrientations_iPad = "UIInterfaceOrientationPortrait UIInterfaceOrientationPortraitUpsideDown UIInterfaceOrientationLandscapeLeft UIInterfaceOrientationLandscapeRight";
				INFOPLIST_KEY_UISupportedInterfaceOrientations_iPhone = "UIInterfaceOrientationPortrait UIInterfaceOrientationLandscapeLeft UIInterfaceOrientationLandscapeRight";
				LD_RUNPATH_SEARCH_PATHS = (
					"$(inherited)",
					"@executable_path/Frameworks",
				);
				MARKETING_VERSION = 1.0;
				PRODUCT_BUNDLE_IDENTIFIER = com.bael.mvc;
				PRODUCT_NAME = "$(TARGET_NAME)";
				SWIFT_EMIT_LOC_STRINGS = YES;
				SWIFT_VERSION = 5.0;
				TARGETED_DEVICE_FAMILY = "1,2";
			};
			name = Release;
		};
/* End XCBuildConfiguration section */

/* Begin XCConfigurationList section */
		BEF3699929E6F25700166F1D /* Build configuration list for PBXProject "mvc" */ = {
			isa = XCConfigurationList;
			buildConfigurations = (
				BEF369B029E6F25800166F1D /* Debug */,
				BEF369B129E6F25800166F1D /* Release */,
			);
			defaultConfigurationIsVisible = 0;
			defaultConfigurationName = Release;
		};
		BEF369B229E6F25800166F1D /* Build configuration list for PBXNativeTarget "mvc" */ = {
			isa = XCConfigurationList;
			buildConfigurations = (
				BEF369B329E6F25800166F1D /* Debug */,
				BEF369B429E6F25800166F1D /* Release */,
			);
			defaultConfigurationIsVisible = 0;
			defaultConfigurationName = Release;
		};
/* End XCConfigurationList section */
	};
	rootObject = BEF3699629E6F25700166F1D /* Project object */;
}
